# THIS IS AN AUTOGENERATED FILE. DO NOT EDIT THIS FILE DIRECTLY.
# yarn lockfile v1


network-speed@^2.1.1:
  version "2.1.1"
  resolved "https://registry.yarnpkg.com/network-speed/-/network-speed-2.1.1.tgz#89f8c3903e1f77517578c0dc2d078f7dfd2eb8a0"
  integrity sha512-NDr8h55toVE5Gy/CZI5nUAl+57DX1xl3PyhcXWacUiUttOJ2JsKkm5JzyVaoJ5psR9KUhi9y4EKc+atnWarkOg==

os-utils@^0.0.14:
  version "0.0.14"
  resolved "https://registry.yarnpkg.com/os-utils/-/os-utils-0.0.14.tgz#29e511697b1982b8c627722175fe39797ef64156"
  integrity sha1-KeURaXsZgrjGJ3Ihdf45eX72QVY=
